
Microsoft Visual Studio Solution File, Format Version 12.00
# Visual Studio Version 16
VisualStudioVersion = 16.0.30114.105
MinimumVisualStudioVersion = 10.0.40219.1
Project("{FAE04EC0-301F-11D3-BF4B-00C04F79EFBC}") = "API", "API\API.csproj", "{5391DB93-8C79-45AC-911B-FF11C8B0D35A}"
EndProject
Project("{FAE04EC0-301F-11D3-BF4B-00C04F79EFBC}") = "Application", "Application\Application.csproj", "{89616CCE-4521-4D21-9C37-5131AB1A6115}"
EndProject
Project("{FAE04EC0-301F-11D3-BF4B-00C04F79EFBC}") = "Domain", "Domain\Domain.csproj", "{4C8F16A6-0EE7-4F5D-A488-3E5F4D4F027C}"
EndProject
Project("{FAE04EC0-301F-11D3-BF4B-00C04F79EFBC}") = "Persistence", "Persistence\Persistence.csproj", "{FF7D33A2-BC4F-43C4-8B0B-E95747B19F3E}"
EndProject
Global
	GlobalSection(SolutionConfigurationPlatforms) = preSolution
		Debug|Any CPU = Debug|Any CPU
		Debug|x64 = Debug|x64
		Debug|x86 = Debug|x86
		Release|Any CPU = Release|Any CPU
		Release|x64 = Release|x64
		Release|x86 = Release|x86
	EndGlobalSection
	GlobalSection(SolutionProperties) = preSolution
		HideSolutionNode = FALSE
	EndGlobalSection
	GlobalSection(ProjectConfigurationPlatforms) = postSolution
		{5391DB93-8C79-45AC-911B-FF11C8B0D35A}.Debug|Any CPU.ActiveCfg = Debug|Any CPU
		{5391DB93-8C79-45AC-911B-FF11C8B0D35A}.Debug|Any CPU.Build.0 = Debug|Any CPU
		{5391DB93-8C79-45AC-911B-FF11C8B0D35A}.Debug|x64.ActiveCfg = Debug|Any CPU
		{5391DB93-8C79-45AC-911B-FF11C8B0D35A}.Debug|x64.Build.0 = Debug|Any CPU
		{5391DB93-8C79-45AC-911B-FF11C8B0D35A}.Debug|x86.ActiveCfg = Debug|Any CPU
		{5391DB93-8C79-45AC-911B-FF11C8B0D35A}.Debug|x86.Build.0 = Debug|Any CPU
		{5391DB93-8C79-45AC-911B-FF11C8B0D35A}.Release|Any CPU.ActiveCfg = Release|Any CPU
		{5391DB93-8C79-45AC-911B-FF11C8B0D35A}.Release|Any CPU.Build.0 = Release|Any CPU
		{5391DB93-8C79-45AC-911B-FF11C8B0D35A}.Release|x64.ActiveCfg = Release|Any CPU
		{5391DB93-8C79-45AC-911B-FF11C8B0D35A}.Release|x64.Build.0 = Release|Any CPU
		{5391DB93-8C79-45AC-911B-FF11C8B0D35A}.Release|x86.ActiveCfg = Release|Any CPU
		{5391DB93-8C79-45AC-911B-FF11C8B0D35A}.Release|x86.Build.0 = Release|Any CPU
		{89616CCE-4521-4D21-9C37-5131AB1A6115}.Debug|Any CPU.ActiveCfg = Debug|Any CPU
		{89616CCE-4521-4D21-9C37-5131AB1A6115}.Debug|Any CPU.Build.0 = Debug|Any CPU
		{89616CCE-4521-4D21-9C37-5131AB1A6115}.Debug|x64.ActiveCfg = Debug|Any CPU
		{89616CCE-4521-4D21-9C37-5131AB1A6115}.Debug|x64.Build.0 = Debug|Any CPU
		{89616CCE-4521-4D21-9C37-5131AB1A6115}.Debug|x86.ActiveCfg = Debug|Any CPU
		{89616CCE-4521-4D21-9C37-5131AB1A6115}.Debug|x86.Build.0 = Debug|Any CPU
		{89616CCE-4521-4D21-9C37-5131AB1A6115}.Release|Any CPU.ActiveCfg = Release|Any CPU
		{89616CCE-4521-4D21-9C37-5131AB1A6115}.Release|Any CPU.Build.0 = Release|Any CPU
		{89616CCE-4521-4D21-9C37-5131AB1A6115}.Release|x64.ActiveCfg = Release|Any CPU
		{89616CCE-4521-4D21-9C37-5131AB1A6115}.Release|x64.Build.0 = Release|Any CPU
		{89616CCE-4521-4D21-9C37-5131AB1A6115}.Release|x86.ActiveCfg = Release|Any CPU
		{89616CCE-4521-4D21-9C37-5131AB1A6115}.Release|x86.Build.0 = Release|Any CPU
		{4C8F16A6-0EE7-4F5D-A488-3E5F4D4F027C}.Debug|Any CPU.ActiveCfg = Debug|Any CPU
		{4C8F16A6-0EE7-4F5D-A488-3E5F4D4F027C}.Debug|Any CPU.Build.0 = Debug|Any CPU
		{4C8F16A6-0EE7-4F5D-A488-3E5F4D4F027C}.Debug|x64.ActiveCfg = Debug|Any CPU
		{4C8F16A6-0EE7-4F5D-A488-3E5F4D4F027C}.Debug|x64.Build.0 = Debug|Any CPU
		{4C8F16A6-0EE7-4F5D-A488-3E5F4D4F027C}.Debug|x86.ActiveCfg = Debug|Any CPU
		{4C8F16A6-0EE7-4F5D-A488-3E5F4D4F027C}.Debug|x86.Build.0 = Debug|Any CPU
		{4C8F16A6-0EE7-4F5D-A488-3E5F4D4F027C}.Release|Any CPU.ActiveCfg = Release|Any CPU
		{4C8F16A6-0EE7-4F5D-A488-3E5F4D4F027C}.Release|Any CPU.Build.0 = Release|Any CPU
		{4C8F16A6-0EE7-4F5D-A488-3E5F4D4F027C}.Release|x64.ActiveCfg = Release|Any CPU
		{4C8F16A6-0EE7-4F5D-A488-3E5F4D4F027C}.Release|x64.Build.0 = Release|Any CPU
		{4C8F16A6-0EE7-4F5D-A488-3E5F4D4F027C}.Release|x86.ActiveCfg = Release|Any CPU
		{4C8F16A6-0EE7-4F5D-A488-3E5F4D4F027C}.Release|x86.Build.0 = Release|Any CPU
		{FF7D33A2-BC4F-43C4-8B0B-E95747B19F3E}.Debug|Any CPU.ActiveCfg = Debug|Any CPU
		{FF7D33A2-BC4F-43C4-8B0B-E95747B19F3E}.Debug|Any CPU.Build.0 = Debug|Any CPU
		{FF7D33A2-BC4F-43C4-8B0B-E95747B19F3E}.Debug|x64.ActiveCfg = Debug|Any CPU
		{FF7D33A2-BC4F-43C4-8B0B-E95747B19F3E}.Debug|x64.Build.0 = Debug|Any CPU
		{FF7D33A2-BC4F-43C4-8B0B-E95747B19F3E}.Debug|x86.ActiveCfg = Debug|Any CPU
		{FF7D33A2-BC4F-43C4-8B0B-E95747B19F3E}.Debug|x86.Build.0 = Debug|Any CPU
		{FF7D33A2-BC4F-43C4-8B0B-E95747B19F3E}.Release|Any CPU.ActiveCfg = Release|Any CPU
		{FF7D33A2-BC4F-43C4-8B0B-E95747B19F3E}.Release|Any CPU.Build.0 = Release|Any CPU
		{FF7D33A2-BC4F-43C4-8B0B-E95747B19F3E}.Release|x64.ActiveCfg = Release|Any CPU
		{FF7D33A2-BC4F-43C4-8B0B-E95747B19F3E}.Release|x64.Build.0 = Release|Any CPU
		{FF7D33A2-BC4F-43C4-8B0B-E95747B19F3E}.Release|x86.ActiveCfg = Release|Any CPU
		{FF7D33A2-BC4F-43C4-8B0B-E95747B19F3E}.Release|x86.Build.0 = Release|Any CPU
	EndGlobalSection
EndGlobal
